// !$*UTF8*$!
{
	archiveVersion = 1;
	classes = {
	};
	objectVersion = 48;
	objects = {

/* Begin PBXBuildFile section */
		14CC0BF3F9D35C2B06DF7195 /* Pods_eventcastTests.framework in Frameworks */ = {isa = PBXBuildFile; fileRef = 3B8C7132F20CE49A56BDCAA6 /* Pods_eventcastTests.framework */; };
		18F515662007F4C00067A91B /* Assets.xcassets in Resources */ = {isa = PBXBuildFile; fileRef = 18F515652007F4C00067A91B /* Assets.xcassets */; };
		18F515742007F4C00067A91B /* eventcastTests.swift in Sources */ = {isa = PBXBuildFile; fileRef = 18F515732007F4C00067A91B /* eventcastTests.swift */; };
		18F5157F2007F4C00067A91B /* eventcastUITests.swift in Sources */ = {isa = PBXBuildFile; fileRef = 18F5157E2007F4C00067A91B /* eventcastUITests.swift */; };
		18F515B32007F7130067A91B /* LoginViewController.swift in Sources */ = {isa = PBXBuildFile; fileRef = 18F5158F2007F7130067A91B /* LoginViewController.swift */; };
		18F515B42007F7130067A91B /* LoginViewController.xib in Resources */ = {isa = PBXBuildFile; fileRef = 18F515902007F7130067A91B /* LoginViewController.xib */; };
		18F515B52007F7130067A91B /* AppNavigationController.swift in Sources */ = {isa = PBXBuildFile; fileRef = 18F515932007F7130067A91B /* AppNavigationController.swift */; };
		18F515B62007F7130067A91B /* MKRightSideMenuCell.swift in Sources */ = {isa = PBXBuildFile; fileRef = 18F515952007F7130067A91B /* MKRightSideMenuCell.swift */; };
		18F515B72007F7130067A91B /* MKRightSideMenuCell.xib in Resources */ = {isa = PBXBuildFile; fileRef = 18F515962007F7130067A91B /* MKRightSideMenuCell.xib */; };
		18F515B82007F7130067A91B /* MKSideMenu.swift in Sources */ = {isa = PBXBuildFile; fileRef = 18F515972007F7130067A91B /* MKSideMenu.swift */; };
		18F515B92007F7130067A91B /* MKSideMenu.xib in Resources */ = {isa = PBXBuildFile; fileRef = 18F515982007F7130067A91B /* MKSideMenu.xib */; };
		18F515BA2007F7130067A91B /* VKActivtyIndicator.swift in Sources */ = {isa = PBXBuildFile; fileRef = 18F515992007F7130067A91B /* VKActivtyIndicator.swift */; };
		18F515BB2007F7130067A91B /* VKAlertActionView.swift in Sources */ = {isa = PBXBuildFile; fileRef = 18F5159A2007F7130067A91B /* VKAlertActionView.swift */; };
		18F515BC2007F7130067A91B /* VKExtensions.swift in Sources */ = {isa = PBXBuildFile; fileRef = 18F5159B2007F7130067A91B /* VKExtensions.swift */; };
		18F515BD2007F7130067A91B /* VKPopover.swift in Sources */ = {isa = PBXBuildFile; fileRef = 18F5159C2007F7130067A91B /* VKPopover.swift */; };
		18F515BE2007F7130067A91B /* EventCast_Msg.swift in Sources */ = {isa = PBXBuildFile; fileRef = 18F5159E2007F7130067A91B /* EventCast_Msg.swift */; };
		18F515BF2007F7130067A91B /* OperationWeb.swift in Sources */ = {isa = PBXBuildFile; fileRef = 18F5159F2007F7130067A91B /* OperationWeb.swift */; };
		18F515C02007F7130067A91B /* Pavitraa_Enum.swift in Sources */ = {isa = PBXBuildFile; fileRef = 18F515A02007F7130067A91B /* Pavitraa_Enum.swift */; };
		18F515C12007F7130067A91B /* RequestElements.swift in Sources */ = {isa = PBXBuildFile; fileRef = 18F515A12007F7130067A91B /* RequestElements.swift */; };
		18F515C22007F7130067A91B /* ResponseElements.swift in Sources */ = {isa = PBXBuildFile; fileRef = 18F515A22007F7130067A91B /* ResponseElements.swift */; };
		18F515C32007F7130067A91B /* WebConstant.swift in Sources */ = {isa = PBXBuildFile; fileRef = 18F515A32007F7130067A91B /* WebConstant.swift */; };
		18F515C42007F7130067A91B /* DataModel.swift in Sources */ = {isa = PBXBuildFile; fileRef = 18F515A52007F7130067A91B /* DataModel.swift */; };
		18F515C52007F7130067A91B /* DesignModel.swift in Sources */ = {isa = PBXBuildFile; fileRef = 18F515A62007F7130067A91B /* DesignModel.swift */; };
		18F515C62007F7130067A91B /* ParameterModel.swift in Sources */ = {isa = PBXBuildFile; fileRef = 18F515A72007F7130067A91B /* ParameterModel.swift */; };
		18F515C72007F7130067A91B /* CreatAccountViewController.swift in Sources */ = {isa = PBXBuildFile; fileRef = 18F515A92007F7130067A91B /* CreatAccountViewController.swift */; };
		18F515C82007F7130067A91B /* CreatAccountViewController.xib in Resources */ = {isa = PBXBuildFile; fileRef = 18F515AA2007F7130067A91B /* CreatAccountViewController.xib */; };
		18F515C92007F7130067A91B /* AppDelegate.swift in Sources */ = {isa = PBXBuildFile; fileRef = 18F515AC2007F7130067A91B /* AppDelegate.swift */; };
		18F515CA2007F7130067A91B /* HomeViewController.swift in Sources */ = {isa = PBXBuildFile; fileRef = 18F515AE2007F7130067A91B /* HomeViewController.swift */; };
		18F515CB2007F7130067A91B /* HomeViewController.xib in Resources */ = {isa = PBXBuildFile; fileRef = 18F515AF2007F7130067A91B /* HomeViewController.xib */; };
		18F515CC2007F7130067A91B /* WebViewController.swift in Sources */ = {isa = PBXBuildFile; fileRef = 18F515B12007F7130067A91B /* WebViewController.swift */; };
		18F515CD2007F7130067A91B /* WebViewController.xib in Resources */ = {isa = PBXBuildFile; fileRef = 18F515B22007F7130067A91B /* WebViewController.xib */; };
		18F515D02007F7630067A91B /* SplashScreen.xib in Resources */ = {isa = PBXBuildFile; fileRef = 18F515CF2007F7620067A91B /* SplashScreen.xib */; };
		18F515D22007F78B0067A91B /* Info.plist in Resources */ = {isa = PBXBuildFile; fileRef = 18F515D12007F78B0067A91B /* Info.plist */; };
		5123119F4DFA2E53D88E0856 /* Pods_eventcastUITests.framework in Frameworks */ = {isa = PBXBuildFile; fileRef = 8CB27549D8BCB29B0CD83223 /* Pods_eventcastUITests.framework */; };
		7446FBE87F39336D757526E6 /* Pods_eventcast.framework in Frameworks */ = {isa = PBXBuildFile; fileRef = BCAE498E7D5FA787DBCBC5E9 /* Pods_eventcast.framework */; };
/* End PBXBuildFile section */

/* Begin PBXContainerItemProxy section */
		18F515702007F4C00067A91B /* PBXContainerItemProxy */ = {
			isa = PBXContainerItemProxy;
			containerPortal = 18F515532007F4BF0067A91B /* Project object */;
			proxyType = 1;
			remoteGlobalIDString = 18F5155A2007F4C00067A91B;
			remoteInfo = eventcast;
		};
		18F5157B2007F4C00067A91B /* PBXContainerItemProxy */ = {
			isa = PBXContainerItemProxy;
			containerPortal = 18F515532007F4BF0067A91B /* Project object */;
			proxyType = 1;
			remoteGlobalIDString = 18F5155A2007F4C00067A91B;
			remoteInfo = eventcast;
		};
/* End PBXContainerItemProxy section */

/* Begin PBXFileReference section */
		18F5155B2007F4C00067A91B /* eventcast.app */ = {isa = PBXFileReference; explicitFileType = wrapper.application; includeInIndex = 0; path = eventcast.app; sourceTree = BUILT_PRODUCTS_DIR; };
		18F515652007F4C00067A91B /* Assets.xcassets */ = {isa = PBXFileReference; lastKnownFileType = folder.assetcatalog; path = Assets.xcassets; sourceTree = "<group>"; };
		18F5156F2007F4C00067A91B /* eventcastTests.xctest */ = {isa = PBXFileReference; explicitFileType = wrapper.cfbundle; includeInIndex = 0; path = eventcastTests.xctest; sourceTree = BUILT_PRODUCTS_DIR; };
		18F515732007F4C00067A91B /* eventcastTests.swift */ = {isa = PBXFileReference; lastKnownFileType = sourcecode.swift; path = eventcastTests.swift; sourceTree = "<group>"; };
		18F515752007F4C00067A91B /* Info.plist */ = {isa = PBXFileReference; lastKnownFileType = text.plist.xml; path = Info.plist; sourceTree = "<group>"; };
		18F5157A2007F4C00067A91B /* eventcastUITests.xctest */ = {isa = PBXFileReference; explicitFileType = wrapper.cfbundle; includeInIndex = 0; path = eventcastUITests.xctest; sourceTree = BUILT_PRODUCTS_DIR; };
		18F5157E2007F4C00067A91B /* eventcastUITests.swift */ = {isa = PBXFileReference; lastKnownFileType = sourcecode.swift; path = eventcastUITests.swift; sourceTree = "<group>"; };
		18F515802007F4C00067A91B /* Info.plist */ = {isa = PBXFileReference; lastKnownFileType = text.plist.xml; path = Info.plist; sourceTree = "<group>"; };
		18F5158C2007F4CB0067A91B /* eventcast.entitlements */ = {isa = PBXFileReference; lastKnownFileType = text.plist.entitlements; path = eventcast.entitlements; sourceTree = "<group>"; };
		18F5158F2007F7130067A91B /* LoginViewController.swift */ = {isa = PBXFileReference; fileEncoding = 4; lastKnownFileType = sourcecode.swift; path = LoginViewController.swift; sourceTree = "<group>"; };
		18F515902007F7130067A91B /* LoginViewController.xib */ = {isa = PBXFileReference; fileEncoding = 4; lastKnownFileType = file.xib; path = LoginViewController.xib; sourceTree = "<group>"; };
		18F515932007F7130067A91B /* AppNavigationController.swift */ = {isa = PBXFileReference; fileEncoding = 4; lastKnownFileType = sourcecode.swift; path = AppNavigationController.swift; sourceTree = "<group>"; };
		18F515952007F7130067A91B /* MKRightSideMenuCell.swift */ = {isa = PBXFileReference; fileEncoding = 4; lastKnownFileType = sourcecode.swift; path = MKRightSideMenuCell.swift; sourceTree = "<group>"; };
		18F515962007F7130067A91B /* MKRightSideMenuCell.xib */ = {isa = PBXFileReference; fileEncoding = 4; lastKnownFileType = file.xib; path = MKRightSideMenuCell.xib; sourceTree = "<group>"; };
		18F515972007F7130067A91B /* MKSideMenu.swift */ = {isa = PBXFileReference; fileEncoding = 4; lastKnownFileType = sourcecode.swift; path = MKSideMenu.swift; sourceTree = "<group>"; };
		18F515982007F7130067A91B /* MKSideMenu.xib */ = {isa = PBXFileReference; fileEncoding = 4; lastKnownFileType = file.xib; path = MKSideMenu.xib; sourceTree = "<group>"; };
		18F515992007F7130067A91B /* VKActivtyIndicator.swift */ = {isa = PBXFileReference; fileEncoding = 4; lastKnownFileType = sourcecode.swift; path = VKActivtyIndicator.swift; sourceTree = "<group>"; };
		18F5159A2007F7130067A91B /* VKAlertActionView.swift */ = {isa = PBXFileReference; fileEncoding = 4; lastKnownFileType = sourcecode.swift; path = VKAlertActionView.swift; sourceTree = "<group>"; };
		18F5159B2007F7130067A91B /* VKExtensions.swift */ = {isa = PBXFileReference; fileEncoding = 4; lastKnownFileType = sourcecode.swift; path = VKExtensions.swift; sourceTree = "<group>"; };
		18F5159C2007F7130067A91B /* VKPopover.swift */ = {isa = PBXFileReference; fileEncoding = 4; lastKnownFileType = sourcecode.swift; path = VKPopover.swift; sourceTree = "<group>"; };
		18F5159E2007F7130067A91B /* EventCast_Msg.swift */ = {isa = PBXFileReference; fileEncoding = 4; lastKnownFileType = sourcecode.swift; path = EventCast_Msg.swift; sourceTree = "<group>"; };
		18F5159F2007F7130067A91B /* OperationWeb.swift */ = {isa = PBXFileReference; fileEncoding = 4; lastKnownFileType = sourcecode.swift; path = OperationWeb.swift; sourceTree = "<group>"; };
		18F515A02007F7130067A91B /* Pavitraa_Enum.swift */ = {isa = PBXFileReference; fileEncoding = 4; lastKnownFileType = sourcecode.swift; path = Pavitraa_Enum.swift; sourceTree = "<group>"; };
		18F515A12007F7130067A91B /* RequestElements.swift */ = {isa = PBXFileReference; fileEncoding = 4; lastKnownFileType = sourcecode.swift; path = RequestElements.swift; sourceTree = "<group>"; };
		18F515A22007F7130067A91B /* ResponseElements.swift */ = {isa = PBXFileReference; fileEncoding = 4; lastKnownFileType = sourcecode.swift; path = ResponseElements.swift; sourceTree = "<group>"; };
		18F515A32007F7130067A91B /* WebConstant.swift */ = {isa = PBXFileReference; fileEncoding = 4; lastKnownFileType = sourcecode.swift; path = WebConstant.swift; sourceTree = "<group>"; };
		18F515A52007F7130067A91B /* DataModel.swift */ = {isa = PBXFileReference; fileEncoding = 4; lastKnownFileType = sourcecode.swift; path = DataModel.swift; sourceTree = "<group>"; };
		18F515A62007F7130067A91B /* DesignModel.swift */ = {isa = PBXFileReference; fileEncoding = 4; lastKnownFileType = sourcecode.swift; path = DesignModel.swift; sourceTree = "<group>"; };
		18F515A72007F7130067A91B /* ParameterModel.swift */ = {isa = PBXFileReference; fileEncoding = 4; lastKnownFileType = sourcecode.swift; path = ParameterModel.swift; sourceTree = "<group>"; };
		18F515A92007F7130067A91B /* CreatAccountViewController.swift */ = {isa = PBXFileReference; fileEncoding = 4; lastKnownFileType = sourcecode.swift; path = CreatAccountViewController.swift; sourceTree = "<group>"; };
		18F515AA2007F7130067A91B /* CreatAccountViewController.xib */ = {isa = PBXFileReference; fileEncoding = 4; lastKnownFileType = file.xib; path = CreatAccountViewController.xib; sourceTree = "<group>"; };
		18F515AC2007F7130067A91B /* AppDelegate.swift */ = {isa = PBXFileReference; fileEncoding = 4; lastKnownFileType = sourcecode.swift; path = AppDelegate.swift; sourceTree = "<group>"; };
		18F515AE2007F7130067A91B /* HomeViewController.swift */ = {isa = PBXFileReference; fileEncoding = 4; lastKnownFileType = sourcecode.swift; path = HomeViewController.swift; sourceTree = "<group>"; };
		18F515AF2007F7130067A91B /* HomeViewController.xib */ = {isa = PBXFileReference; fileEncoding = 4; lastKnownFileType = file.xib; path = HomeViewController.xib; sourceTree = "<group>"; };
		18F515B12007F7130067A91B /* WebViewController.swift */ = {isa = PBXFileReference; fileEncoding = 4; lastKnownFileType = sourcecode.swift; path = WebViewController.swift; sourceTree = "<group>"; };
		18F515B22007F7130067A91B /* WebViewController.xib */ = {isa = PBXFileReference; fileEncoding = 4; lastKnownFileType = file.xib; path = WebViewController.xib; sourceTree = "<group>"; };
		18F515CF2007F7620067A91B /* SplashScreen.xib */ = {isa = PBXFileReference; fileEncoding = 4; lastKnownFileType = file.xib; path = SplashScreen.xib; sourceTree = "<group>"; };
		18F515D12007F78B0067A91B /* Info.plist */ = {isa = PBXFileReference; fileEncoding = 4; lastKnownFileType = text.plist.xml; name = Info.plist; path = eventcast/Info.plist; sourceTree = SOURCE_ROOT; };
		3B8C7132F20CE49A56BDCAA6 /* Pods_eventcastTests.framework */ = {isa = PBXFileReference; explicitFileType = wrapper.framework; includeInIndex = 0; path = Pods_eventcastTests.framework; sourceTree = BUILT_PRODUCTS_DIR; };
		447B7584968C06204707836E /* Pods-eventcast.release.xcconfig */ = {isa = PBXFileReference; includeInIndex = 1; lastKnownFileType = text.xcconfig; name = "Pods-eventcast.release.xcconfig"; path = "Pods/Target Support Files/Pods-eventcast/Pods-eventcast.release.xcconfig"; sourceTree = "<group>"; };
		69E6A338E477EFEE1C2BBB36 /* Pods-eventcastUITests.debug.xcconfig */ = {isa = PBXFileReference; includeInIndex = 1; lastKnownFileType = text.xcconfig; name = "Pods-eventcastUITests.debug.xcconfig"; path = "Pods/Target Support Files/Pods-eventcastUITests/Pods-eventcastUITests.debug.xcconfig"; sourceTree = "<group>"; };
		86A3D0797D57576789647EE1 /* Pods-eventcast.debug.xcconfig */ = {isa = PBXFileReference; includeInIndex = 1; lastKnownFileType = text.xcconfig; name = "Pods-eventcast.debug.xcconfig"; path = "Pods/Target Support Files/Pods-eventcast/Pods-eventcast.debug.xcconfig"; sourceTree = "<group>"; };
		8CB27549D8BCB29B0CD83223 /* Pods_eventcastUITests.framework */ = {isa = PBXFileReference; explicitFileType = wrapper.framework; includeInIndex = 0; path = Pods_eventcastUITests.framework; sourceTree = BUILT_PRODUCTS_DIR; };
		BCAE498E7D5FA787DBCBC5E9 /* Pods_eventcast.framework */ = {isa = PBXFileReference; explicitFileType = wrapper.framework; includeInIndex = 0; path = Pods_eventcast.framework; sourceTree = BUILT_PRODUCTS_DIR; };
		D310EFA89F693CD3A56AFB54 /* Pods-eventcastTests.debug.xcconfig */ = {isa = PBXFileReference; includeInIndex = 1; lastKnownFileType = text.xcconfig; name = "Pods-eventcastTests.debug.xcconfig"; path = "Pods/Target Support Files/Pods-eventcastTests/Pods-eventcastTests.debug.xcconfig"; sourceTree = "<group>"; };
		DF897C1AB8FB051E25A346BF /* Pods-eventcastUITests.release.xcconfig */ = {isa = PBXFileReference; includeInIndex = 1; lastKnownFileType = text.xcconfig; name = "Pods-eventcastUITests.release.xcconfig"; path = "Pods/Target Support Files/Pods-eventcastUITests/Pods-eventcastUITests.release.xcconfig"; sourceTree = "<group>"; };
		FF1D0CE2FA0ACB7FF1AD87D4 /* Pods-eventcastTests.release.xcconfig */ = {isa = PBXFileReference; includeInIndex = 1; lastKnownFileType = text.xcconfig; name = "Pods-eventcastTests.release.xcconfig"; path = "Pods/Target Support Files/Pods-eventcastTests/Pods-eventcastTests.release.xcconfig"; sourceTree = "<group>"; };
/* End PBXFileReference section */

/* Begin PBXFrameworksBuildPhase section */
		18F515582007F4C00067A91B /* Frameworks */ = {
			isa = PBXFrameworksBuildPhase;
			buildActionMask = 2147483647;
			files = (
				7446FBE87F39336D757526E6 /* Pods_eventcast.framework in Frameworks */,
			);
			runOnlyForDeploymentPostprocessing = 0;
		};
		18F5156C2007F4C00067A91B /* Frameworks */ = {
			isa = PBXFrameworksBuildPhase;
			buildActionMask = 2147483647;
			files = (
				14CC0BF3F9D35C2B06DF7195 /* Pods_eventcastTests.framework in Frameworks */,
			);
			runOnlyForDeploymentPostprocessing = 0;
		};
		18F515772007F4C00067A91B /* Frameworks */ = {
			isa = PBXFrameworksBuildPhase;
			buildActionMask = 2147483647;
			files = (
				5123119F4DFA2E53D88E0856 /* Pods_eventcastUITests.framework in Frameworks */,
			);
			runOnlyForDeploymentPostprocessing = 0;
		};
/* End PBXFrameworksBuildPhase section */

/* Begin PBXGroup section */
		18F515522007F4BF0067A91B = {
			isa = PBXGroup;
			children = (
				18F5155D2007F4C00067A91B /* eventcast */,
				18F515722007F4C00067A91B /* eventcastTests */,
				18F5157D2007F4C00067A91B /* eventcastUITests */,
				18F5155C2007F4C00067A91B /* Products */,
				C179ACEE08631D093FE3736D /* Pods */,
				D5783ADD8DB955A7B76FF63F /* Frameworks */,
			);
			sourceTree = "<group>";
		};
		18F5155C2007F4C00067A91B /* Products */ = {
			isa = PBXGroup;
			children = (
				18F5155B2007F4C00067A91B /* eventcast.app */,
				18F5156F2007F4C00067A91B /* eventcastTests.xctest */,
				18F5157A2007F4C00067A91B /* eventcastUITests.xctest */,
			);
			name = Products;
			sourceTree = "<group>";
		};
		18F5155D2007F4C00067A91B /* eventcast */ = {
			isa = PBXGroup;
			children = (
				18F5158C2007F4CB0067A91B /* eventcast.entitlements */,
				18F515AB2007F7130067A91B /* AppDelegate */,
				18F515912007F7130067A91B /* External */,
				18F5158E2007F7130067A91B /* LoginViewController */,
				18F515AD2007F7130067A91B /* HomeViewController */,
				18F515A82007F7130067A91B /* CreatAccount */,
				18F515A42007F7130067A91B /* Model */,
				18F515B02007F7130067A91B /* WebView */,
				18F515CE2007F7620067A91B /* SupportFile */,
				18F515652007F4C00067A91B /* Assets.xcassets */,
			);
			path = eventcast;
			sourceTree = "<group>";
		};
		18F515722007F4C00067A91B /* eventcastTests */ = {
			isa = PBXGroup;
			children = (
				18F515732007F4C00067A91B /* eventcastTests.swift */,
				18F515752007F4C00067A91B /* Info.plist */,
			);
			path = eventcastTests;
			sourceTree = "<group>";
		};
		18F5157D2007F4C00067A91B /* eventcastUITests */ = {
			isa = PBXGroup;
			children = (
				18F5157E2007F4C00067A91B /* eventcastUITests.swift */,
				18F515802007F4C00067A91B /* Info.plist */,
			);
			path = eventcastUITests;
			sourceTree = "<group>";
		};
		18F5158E2007F7130067A91B /* LoginViewController */ = {
			isa = PBXGroup;
			children = (
				18F5158F2007F7130067A91B /* LoginViewController.swift */,
				18F515902007F7130067A91B /* LoginViewController.xib */,
			);
			path = LoginViewController;
			sourceTree = "<group>";
		};
		18F515912007F7130067A91B /* External */ = {
			isa = PBXGroup;
			children = (
				18F515922007F7130067A91B /* AppNavigationController */,
				18F515942007F7130067A91B /* MKSideMenu */,
				18F515992007F7130067A91B /* VKActivtyIndicator.swift */,
				18F5159A2007F7130067A91B /* VKAlertActionView.swift */,
				18F5159B2007F7130067A91B /* VKExtensions.swift */,
				18F5159C2007F7130067A91B /* VKPopover.swift */,
				18F5159D2007F7130067A91B /* Webservices */,
			);
			path = External;
			sourceTree = "<group>";
		};
		18F515922007F7130067A91B /* AppNavigationController */ = {
			isa = PBXGroup;
			children = (
				18F515932007F7130067A91B /* AppNavigationController.swift */,
			);
			path = AppNavigationController;
			sourceTree = "<group>";
		};
		18F515942007F7130067A91B /* MKSideMenu */ = {
			isa = PBXGroup;
			children = (
				18F515952007F7130067A91B /* MKRightSideMenuCell.swift */,
				18F515962007F7130067A91B /* MKRightSideMenuCell.xib */,
				18F515972007F7130067A91B /* MKSideMenu.swift */,
				18F515982007F7130067A91B /* MKSideMenu.xib */,
			);
			path = MKSideMenu;
			sourceTree = "<group>";
		};
		18F5159D2007F7130067A91B /* Webservices */ = {
			isa = PBXGroup;
			children = (
				18F5159E2007F7130067A91B /* EventCast_Msg.swift */,
				18F5159F2007F7130067A91B /* OperationWeb.swift */,
				18F515A02007F7130067A91B /* Pavitraa_Enum.swift */,
				18F515A12007F7130067A91B /* RequestElements.swift */,
				18F515A22007F7130067A91B /* ResponseElements.swift */,
				18F515A32007F7130067A91B /* WebConstant.swift */,
			);
			path = Webservices;
			sourceTree = "<group>";
		};
		18F515A42007F7130067A91B /* Model */ = {
			isa = PBXGroup;
			children = (
				18F515A52007F7130067A91B /* DataModel.swift */,
				18F515A62007F7130067A91B /* DesignModel.swift */,
				18F515A72007F7130067A91B /* ParameterModel.swift */,
			);
			path = Model;
			sourceTree = "<group>";
		};
		18F515A82007F7130067A91B /* CreatAccount */ = {
			isa = PBXGroup;
			children = (
				18F515A92007F7130067A91B /* CreatAccountViewController.swift */,
				18F515AA2007F7130067A91B /* CreatAccountViewController.xib */,
			);
			path = CreatAccount;
			sourceTree = "<group>";
		};
		18F515AB2007F7130067A91B /* AppDelegate */ = {
			isa = PBXGroup;
			children = (
				18F515AC2007F7130067A91B /* AppDelegate.swift */,
			);
			path = AppDelegate;
			sourceTree = "<group>";
		};
		18F515AD2007F7130067A91B /* HomeViewController */ = {
			isa = PBXGroup;
			children = (
				18F515AE2007F7130067A91B /* HomeViewController.swift */,
				18F515AF2007F7130067A91B /* HomeViewController.xib */,
			);
			path = HomeViewController;
			sourceTree = "<group>";
		};
		18F515B02007F7130067A91B /* WebView */ = {
			isa = PBXGroup;
			children = (
				18F515B12007F7130067A91B /* WebViewController.swift */,
				18F515B22007F7130067A91B /* WebViewController.xib */,
			);
			path = WebView;
			sourceTree = "<group>";
		};
		18F515CE2007F7620067A91B /* SupportFile */ = {
			isa = PBXGroup;
			children = (
				18F515D12007F78B0067A91B /* Info.plist */,
				18F515CF2007F7620067A91B /* SplashScreen.xib */,
			);
			path = SupportFile;
			sourceTree = "<group>";
		};
		C179ACEE08631D093FE3736D /* Pods */ = {
			isa = PBXGroup;
			children = (
				86A3D0797D57576789647EE1 /* Pods-eventcast.debug.xcconfig */,
				447B7584968C06204707836E /* Pods-eventcast.release.xcconfig */,
				D310EFA89F693CD3A56AFB54 /* Pods-eventcastTests.debug.xcconfig */,
				FF1D0CE2FA0ACB7FF1AD87D4 /* Pods-eventcastTests.release.xcconfig */,
				69E6A338E477EFEE1C2BBB36 /* Pods-eventcastUITests.debug.xcconfig */,
				DF897C1AB8FB051E25A346BF /* Pods-eventcastUITests.release.xcconfig */,
			);
			name = Pods;
			sourceTree = "<group>";
		};
		D5783ADD8DB955A7B76FF63F /* Frameworks */ = {
			isa = PBXGroup;
			children = (
				BCAE498E7D5FA787DBCBC5E9 /* Pods_eventcast.framework */,
				3B8C7132F20CE49A56BDCAA6 /* Pods_eventcastTests.framework */,
				8CB27549D8BCB29B0CD83223 /* Pods_eventcastUITests.framework */,
			);
			name = Frameworks;
			sourceTree = "<group>";
		};
/* End PBXGroup section */

/* Begin PBXNativeTarget section */
		18F5155A2007F4C00067A91B /* eventcast */ = {
			isa = PBXNativeTarget;
			buildConfigurationList = 18F515832007F4C10067A91B /* Build configuration list for PBXNativeTarget "eventcast" */;
			buildPhases = (
				55958E7F9C91722312FAE3FB /* [CP] Check Pods Manifest.lock */,
				18F515572007F4C00067A91B /* Sources */,
				18F515582007F4C00067A91B /* Frameworks */,
				18F515592007F4C00067A91B /* Resources */,
				AABA21E9930FAF9D1D925743 /* [CP] Embed Pods Frameworks */,
				1AADCCF56A33D46849597FBE /* [CP] Copy Pods Resources */,
			);
			buildRules = (
			);
			dependencies = (
			);
			name = eventcast;
			productName = eventcast;
			productReference = 18F5155B2007F4C00067A91B /* eventcast.app */;
			productType = "com.apple.product-type.application";
		};
		18F5156E2007F4C00067A91B /* eventcastTests */ = {
			isa = PBXNativeTarget;
			buildConfigurationList = 18F515862007F4C10067A91B /* Build configuration list for PBXNativeTarget "eventcastTests" */;
			buildPhases = (
				6F1C23BD162D20DA4B71FC07 /* [CP] Check Pods Manifest.lock */,
				18F5156B2007F4C00067A91B /* Sources */,
				18F5156C2007F4C00067A91B /* Frameworks */,
				18F5156D2007F4C00067A91B /* Resources */,
				918DE127E7802E49E08CBE02 /* [CP] Embed Pods Frameworks */,
				7608E9795BF0A750F3AA6335 /* [CP] Copy Pods Resources */,
			);
			buildRules = (
			);
			dependencies = (
				18F515712007F4C00067A91B /* PBXTargetDependency */,
			);
			name = eventcastTests;
			productName = eventcastTests;
			productReference = 18F5156F2007F4C00067A91B /* eventcastTests.xctest */;
			productType = "com.apple.product-type.bundle.unit-test";
		};
		18F515792007F4C00067A91B /* eventcastUITests */ = {
			isa = PBXNativeTarget;
			buildConfigurationList = 18F515892007F4C10067A91B /* Build configuration list for PBXNativeTarget "eventcastUITests" */;
			buildPhases = (
				9291B8F78E30021F715416F7 /* [CP] Check Pods Manifest.lock */,
				18F515762007F4C00067A91B /* Sources */,
				18F515772007F4C00067A91B /* Frameworks */,
				18F515782007F4C00067A91B /* Resources */,
				0D30151231288F71EFCDE039 /* [CP] Embed Pods Frameworks */,
				1BBA6D22D66D6CA23CD78211 /* [CP] Copy Pods Resources */,
			);
			buildRules = (
			);
			dependencies = (
				18F5157C2007F4C00067A91B /* PBXTargetDependency */,
			);
			name = eventcastUITests;
			productName = eventcastUITests;
			productReference = 18F5157A2007F4C00067A91B /* eventcastUITests.xctest */;
			productType = "com.apple.product-type.bundle.ui-testing";
		};
/* End PBXNativeTarget section */

/* Begin PBXProject section */
		18F515532007F4BF0067A91B /* Project object */ = {
			isa = PBXProject;
			attributes = {
				LastSwiftUpdateCheck = 0920;
				LastUpgradeCheck = 0920;
				ORGANIZATIONNAME = jtechappz;
				TargetAttributes = {
					18F5155A2007F4C00067A91B = {
						CreatedOnToolsVersion = 9.2;
						ProvisioningStyle = Manual;
						SystemCapabilities = {
							com.apple.Push = {
								enabled = 1;
							};
						};
					};
					18F5156E2007F4C00067A91B = {
						CreatedOnToolsVersion = 9.2;
						ProvisioningStyle = Automatic;
						TestTargetID = 18F5155A2007F4C00067A91B;
					};
					18F515792007F4C00067A91B = {
						CreatedOnToolsVersion = 9.2;
						ProvisioningStyle = Automatic;
						TestTargetID = 18F5155A2007F4C00067A91B;
					};
				};
			};
			buildConfigurationList = 18F515562007F4BF0067A91B /* Build configuration list for PBXProject "eventcast" */;
			compatibilityVersion = "Xcode 8.0";
			developmentRegion = en;
			hasScannedForEncodings = 0;
			knownRegions = (
				en,
				Base,
			);
			mainGroup = 18F515522007F4BF0067A91B;
			productRefGroup = 18F5155C2007F4C00067A91B /* Products */;
			projectDirPath = "";
			projectRoot = "";
			targets = (
				18F5155A2007F4C00067A91B /* eventcast */,
				18F5156E2007F4C00067A91B /* eventcastTests */,
				18F515792007F4C00067A91B /* eventcastUITests */,
			);
		};
/* End PBXProject section */

/* Begin PBXResourcesBuildPhase section */
		18F515592007F4C00067A91B /* Resources */ = {
			isa = PBXResourcesBuildPhase;
			buildActionMask = 2147483647;
			files = (
				18F515B42007F7130067A91B /* LoginViewController.xib in Resources */,
				18F515B72007F7130067A91B /* MKRightSideMenuCell.xib in Resources */,
				18F515D22007F78B0067A91B /* Info.plist in Resources */,
				18F515CD2007F7130067A91B /* WebViewController.xib in Resources */,
				18F515B92007F7130067A91B /* MKSideMenu.xib in Resources */,
				18F515D02007F7630067A91B /* SplashScreen.xib in Resources */,
				18F515C82007F7130067A91B /* CreatAccountViewController.xib in Resources */,
				18F515662007F4C00067A91B /* Assets.xcassets in Resources */,
				18F515CB2007F7130067A91B /* HomeViewController.xib in Resources */,
			);
			runOnlyForDeploymentPostprocessing = 0;
		};
		18F5156D2007F4C00067A91B /* Resources */ = {
			isa = PBXResourcesBuildPhase;
			buildActionMask = 2147483647;
			files = (
			);
			runOnlyForDeploymentPostprocessing = 0;
		};
		18F515782007F4C00067A91B /* Resources */ = {
			isa = PBXResourcesBuildPhase;
			buildActionMask = 2147483647;
			files = (
			);
			runOnlyForDeploymentPostprocessing = 0;
		};
/* End PBXResourcesBuildPhase section */

/* Begin PBXShellScriptBuildPhase section */
		0D30151231288F71EFCDE039 /* [CP] Embed Pods Frameworks */ = {
			isa = PBXShellScriptBuildPhase;
			buildActionMask = 2147483647;
			files = (
			);
			inputPaths = (
			);
			name = "[CP] Embed Pods Frameworks";
			outputPaths = (
			);
			runOnlyForDeploymentPostprocessing = 0;
			shellPath = /bin/sh;
			shellScript = "\"${SRCROOT}/Pods/Target Support Files/Pods-eventcastUITests/Pods-eventcastUITests-frameworks.sh\"\n";
			showEnvVarsInLog = 0;
		};
		1AADCCF56A33D46849597FBE /* [CP] Copy Pods Resources */ = {
			isa = PBXShellScriptBuildPhase;
			buildActionMask = 2147483647;
			files = (
			);
			inputPaths = (
			);
			name = "[CP] Copy Pods Resources";
			outputPaths = (
			);
			runOnlyForDeploymentPostprocessing = 0;
			shellPath = /bin/sh;
			shellScript = "\"${SRCROOT}/Pods/Target Support Files/Pods-eventcast/Pods-eventcast-resources.sh\"\n";
			showEnvVarsInLog = 0;
		};
		1BBA6D22D66D6CA23CD78211 /* [CP] Copy Pods Resources */ = {
			isa = PBXShellScriptBuildPhase;
			buildActionMask = 2147483647;
			files = (
			);
			inputPaths = (
			);
			name = "[CP] Copy Pods Resources";
			outputPaths = (
			);
			runOnlyForDeploymentPostprocessing = 0;
			shellPath = /bin/sh;
			shellScript = "\"${SRCROOT}/Pods/Target Support Files/Pods-eventcastUITests/Pods-eventcastUITests-resources.sh\"\n";
			showEnvVarsInLog = 0;
		};
		55958E7F9C91722312FAE3FB /* [CP] Check Pods Manifest.lock */ = {
			isa = PBXShellScriptBuildPhase;
			buildActionMask = 2147483647;
			files = (
			);
			inputPaths = (
				"${PODS_PODFILE_DIR_PATH}/Podfile.lock",
				"${PODS_ROOT}/Manifest.lock",
			);
			name = "[CP] Check Pods Manifest.lock";
			outputPaths = (
				"$(DERIVED_FILE_DIR)/Pods-eventcast-checkManifestLockResult.txt",
			);
			runOnlyForDeploymentPostprocessing = 0;
			shellPath = /bin/sh;
			shellScript = "diff \"${PODS_PODFILE_DIR_PATH}/Podfile.lock\" \"${PODS_ROOT}/Manifest.lock\" > /dev/null\nif [ $? != 0 ] ; then\n    # print error to STDERR\n    echo \"error: The sandbox is not in sync with the Podfile.lock. Run 'pod install' or update your CocoaPods installation.\" >&2\n    exit 1\nfi\n# This output is used by Xcode 'outputs' to avoid re-running this script phase.\necho \"SUCCESS\" > \"${SCRIPT_OUTPUT_FILE_0}\"\n";
			showEnvVarsInLog = 0;
		};
		6F1C23BD162D20DA4B71FC07 /* [CP] Check Pods Manifest.lock */ = {
			isa = PBXShellScriptBuildPhase;
			buildActionMask = 2147483647;
			files = (
			);
			inputPaths = (
				"${PODS_PODFILE_DIR_PATH}/Podfile.lock",
				"${PODS_ROOT}/Manifest.lock",
			);
			name = "[CP] Check Pods Manifest.lock";
			outputPaths = (
				"$(DERIVED_FILE_DIR)/Pods-eventcastTests-checkManifestLockResult.txt",
			);
			runOnlyForDeploymentPostprocessing = 0;
			shellPath = /bin/sh;
			shellScript = "diff \"${PODS_PODFILE_DIR_PATH}/Podfile.lock\" \"${PODS_ROOT}/Manifest.lock\" > /dev/null\nif [ $? != 0 ] ; then\n    # print error to STDERR\n    echo \"error: The sandbox is not in sync with the Podfile.lock. Run 'pod install' or update your CocoaPods installation.\" >&2\n    exit 1\nfi\n# This output is used by Xcode 'outputs' to avoid re-running this script phase.\necho \"SUCCESS\" > \"${SCRIPT_OUTPUT_FILE_0}\"\n";
			showEnvVarsInLog = 0;
		};
		7608E9795BF0A750F3AA6335 /* [CP] Copy Pods Resources */ = {
			isa = PBXShellScriptBuildPhase;
			buildActionMask = 2147483647;
			files = (
			);
			inputPaths = (
			);
			name = "[CP] Copy Pods Resources";
			outputPaths = (
			);
			runOnlyForDeploymentPostprocessing = 0;
			shellPath = /bin/sh;
			shellScript = "\"${SRCROOT}/Pods/Target Support Files/Pods-eventcastTests/Pods-eventcastTests-resources.sh\"\n";
			showEnvVarsInLog = 0;
		};
		918DE127E7802E49E08CBE02 /* [CP] Embed Pods Frameworks */ = {
			isa = PBXShellScriptBuildPhase;
			buildActionMask = 2147483647;
			files = (
			);
			inputPaths = (
			);
			name = "[CP] Embed Pods Frameworks";
			outputPaths = (
			);
			runOnlyForDeploymentPostprocessing = 0;
			shellPath = /bin/sh;
			shellScript = "\"${SRCROOT}/Pods/Target Support Files/Pods-eventcastTests/Pods-eventcastTests-frameworks.sh\"\n";
			showEnvVarsInLog = 0;
		};
		9291B8F78E30021F715416F7 /* [CP] Check Pods Manifest.lock */ = {
			isa = PBXShellScriptBuildPhase;
			buildActionMask = 2147483647;
			files = (
			);
			inputPaths = (
				"${PODS_PODFILE_DIR_PATH}/Podfile.lock",
				"${PODS_ROOT}/Manifest.lock",
			);
			name = "[CP] Check Pods Manifest.lock";
			outputPaths = (
				"$(DERIVED_FILE_DIR)/Pods-eventcastUITests-checkManifestLockResult.txt",
			);
			runOnlyForDeploymentPostprocessing = 0;
			shellPath = /bin/sh;
			shellScript = "diff \"${PODS_PODFILE_DIR_PATH}/Podfile.lock\" \"${PODS_ROOT}/Manifest.lock\" > /dev/null\nif [ $? != 0 ] ; then\n    # print error to STDERR\n    echo \"error: The sandbox is not in sync with the Podfile.lock. Run 'pod install' or update your CocoaPods installation.\" >&2\n    exit 1\nfi\n# This output is used by Xcode 'outputs' to avoid re-running this script phase.\necho \"SUCCESS\" > \"${SCRIPT_OUTPUT_FILE_0}\"\n";
			showEnvVarsInLog = 0;
		};
		AABA21E9930FAF9D1D925743 /* [CP] Embed Pods Frameworks */ = {
			isa = PBXShellScriptBuildPhase;
			buildActionMask = 2147483647;
			files = (
			);
			inputPaths = (
				"${SRCROOT}/Pods/Target Support Files/Pods-eventcast/Pods-eventcast-frameworks.sh",
				"${BUILT_PRODUCTS_DIR}/Alamofire/Alamofire.framework",
			);
			name = "[CP] Embed Pods Frameworks";
			outputPaths = (
				"${TARGET_BUILD_DIR}/${FRAMEWORKS_FOLDER_PATH}/Alamofire.framework",
			);
			runOnlyForDeploymentPostprocessing = 0;
			shellPath = /bin/sh;
			shellScript = "\"${SRCROOT}/Pods/Target Support Files/Pods-eventcast/Pods-eventcast-frameworks.sh\"\n";
			showEnvVarsInLog = 0;
		};
/* End PBXShellScriptBuildPhase section */

/* Begin PBXSourcesBuildPhase section */
		18F515572007F4C00067A91B /* Sources */ = {
			isa = PBXSourcesBuildPhase;
			buildActionMask = 2147483647;
			files = (
				18F515BF2007F7130067A91B /* OperationWeb.swift in Sources */,
				18F515B32007F7130067A91B /* LoginViewController.swift in Sources */,
				18F515B82007F7130067A91B /* MKSideMenu.swift in Sources */,
				18F515BD2007F7130067A91B /* VKPopover.swift in Sources */,
				18F515C32007F7130067A91B /* WebConstant.swift in Sources */,
				18F515C12007F7130067A91B /* RequestElements.swift in Sources */,
				18F515B62007F7130067A91B /* MKRightSideMenuCell.swift in Sources */,
				18F515CA2007F7130067A91B /* HomeViewController.swift in Sources */,
				18F515B52007F7130067A91B /* AppNavigationController.swift in Sources */,
				18F515C62007F7130067A91B /* ParameterModel.swift in Sources */,
				18F515BB2007F7130067A91B /* VKAlertActionView.swift in Sources */,
				18F515BA2007F7130067A91B /* VKActivtyIndicator.swift in Sources */,
				18F515C52007F7130067A91B /* DesignModel.swift in Sources */,
				18F515CC2007F7130067A91B /* WebViewController.swift in Sources */,
				18F515BC2007F7130067A91B /* VKExtensions.swift in Sources */,
				18F515C22007F7130067A91B /* ResponseElements.swift in Sources */,
				18F515C72007F7130067A91B /* CreatAccountViewController.swift in Sources */,
				18F515C42007F7130067A91B /* DataModel.swift in Sources */,
				18F515C92007F7130067A91B /* AppDelegate.swift in Sources */,
				18F515BE2007F7130067A91B /* EventCast_Msg.swift in Sources */,
				18F515C02007F7130067A91B /* Pavitraa_Enum.swift in Sources */,
			);
			runOnlyForDeploymentPostprocessing = 0;
		};
		18F5156B2007F4C00067A91B /* Sources */ = {
			isa = PBXSourcesBuildPhase;
			buildActionMask = 2147483647;
			files = (
				18F515742007F4C00067A91B /* eventcastTests.swift in Sources */,
			);
			runOnlyForDeploymentPostprocessing = 0;
		};
		18F515762007F4C00067A91B /* Sources */ = {
			isa = PBXSourcesBuildPhase;
			buildActionMask = 2147483647;
			files = (
				18F5157F2007F4C00067A91B /* eventcastUITests.swift in Sources */,
			);
			runOnlyForDeploymentPostprocessing = 0;
		};
/* End PBXSourcesBuildPhase section */

/* Begin PBXTargetDependency section */
		18F515712007F4C00067A91B /* PBXTargetDependency */ = {
			isa = PBXTargetDependency;
			target = 18F5155A2007F4C00067A91B /* eventcast */;
			targetProxy = 18F515702007F4C00067A91B /* PBXContainerItemProxy */;
		};
		18F5157C2007F4C00067A91B /* PBXTargetDependency */ = {
			isa = PBXTargetDependency;
			target = 18F5155A2007F4C00067A91B /* eventcast */;
			targetProxy = 18F5157B2007F4C00067A91B /* PBXContainerItemProxy */;
		};
/* End PBXTargetDependency section */

/* Begin XCBuildConfiguration section */
		18F515812007F4C10067A91B /* Debug */ = {
			isa = XCBuildConfiguration;
			buildSettings = {
				ALWAYS_SEARCH_USER_PATHS = NO;
				CLANG_ANALYZER_NONNULL = YES;
				CLANG_ANALYZER_NUMBER_OBJECT_CONVERSION = YES_AGGRESSIVE;
				CLANG_CXX_LANGUAGE_STANDARD = "gnu++14";
				CLANG_CXX_LIBRARY = "libc++";
				CLANG_ENABLE_MODULES = YES;
				CLANG_ENABLE_OBJC_ARC = YES;
				CLANG_WARN_BLOCK_CAPTURE_AUTORELEASING = YES;
				CLANG_WARN_BOOL_CONVERSION = YES;
				CLANG_WARN_COMMA = YES;
				CLANG_WARN_CONSTANT_CONVERSION = YES;
				CLANG_WARN_DIRECT_OBJC_ISA_USAGE = YES_ERROR;
				CLANG_WARN_DOCUMENTATION_COMMENTS = YES;
				CLANG_WARN_EMPTY_BODY = YES;
				CLANG_WARN_ENUM_CONVERSION = YES;
				CLANG_WARN_INFINITE_RECURSION = YES;
				CLANG_WARN_INT_CONVERSION = YES;
				CLANG_WARN_NON_LITERAL_NULL_CONVERSION = YES;
				CLANG_WARN_OBJC_LITERAL_CONVERSION = YES;
				CLANG_WARN_OBJC_ROOT_CLASS = YES_ERROR;
				CLANG_WARN_RANGE_LOOP_ANALYSIS = YES;
				CLANG_WARN_STRICT_PROTOTYPES = YES;
				CLANG_WARN_SUSPICIOUS_MOVE = YES;
				CLANG_WARN_UNGUARDED_AVAILABILITY = YES_AGGRESSIVE;
				CLANG_WARN_UNREACHABLE_CODE = YES;
				CLANG_WARN__DUPLICATE_METHOD_MATCH = YES;
				CODE_SIGN_IDENTITY = "iPhone Developer: JTech Appz (HU7GGNVY9N)";
				CODE_SIGN_STYLE = Manual;
				COPY_PHASE_STRIP = NO;
				DEBUG_INFORMATION_FORMAT = dwarf;
				DEVELOPMENT_TEAM = K6F5P39KK3;
				ENABLE_STRICT_OBJC_MSGSEND = YES;
				ENABLE_TESTABILITY = YES;
				GCC_C_LANGUAGE_STANDARD = gnu11;
				GCC_DYNAMIC_NO_PIC = NO;
				GCC_NO_COMMON_BLOCKS = YES;
				GCC_OPTIMIZATION_LEVEL = 0;
				GCC_PREPROCESSOR_DEFINITIONS = (
					"DEBUG=1",
					"$(inherited)",
				);
				GCC_WARN_64_TO_32_BIT_CONVERSION = YES;
				GCC_WARN_ABOUT_RETURN_TYPE = YES_ERROR;
				GCC_WARN_UNDECLARED_SELECTOR = YES;
				GCC_WARN_UNINITIALIZED_AUTOS = YES_AGGRESSIVE;
				GCC_WARN_UNUSED_FUNCTION = YES;
				GCC_WARN_UNUSED_VARIABLE = YES;
				IPHONEOS_DEPLOYMENT_TARGET = 11.2;
				MTL_ENABLE_DEBUG_INFO = YES;
				ONLY_ACTIVE_ARCH = YES;
				PROVISIONING_PROFILE = "f7304164-65c1-43ac-b9af-a65c926e41c9";
				SDKROOT = iphoneos;
				SWIFT_ACTIVE_COMPILATION_CONDITIONS = DEBUG;
				SWIFT_OPTIMIZATION_LEVEL = "-Onone";
			};
			name = Debug;
		};
		18F515822007F4C10067A91B /* Release */ = {
			isa = XCBuildConfiguration;
			buildSettings = {
				ALWAYS_SEARCH_USER_PATHS = NO;
				CLANG_ANALYZER_NONNULL = YES;
				CLANG_ANALYZER_NUMBER_OBJECT_CONVERSION = YES_AGGRESSIVE;
				CLANG_CXX_LANGUAGE_STANDARD = "gnu++14";
				CLANG_CXX_LIBRARY = "libc++";
				CLANG_ENABLE_MODULES = YES;
				CLANG_ENABLE_OBJC_ARC = YES;
				CLANG_WARN_BLOCK_CAPTURE_AUTORELEASING = YES;
				CLANG_WARN_BOOL_CONVERSION = YES;
				CLANG_WARN_COMMA = YES;
				CLANG_WARN_CONSTANT_CONVERSION = YES;
				CLANG_WARN_DIRECT_OBJC_ISA_USAGE = YES_ERROR;
				CLANG_WARN_DOCUMENTATION_COMMENTS = YES;
				CLANG_WARN_EMPTY_BODY = YES;
				CLANG_WARN_ENUM_CONVERSION = YES;
				CLANG_WARN_INFINITE_RECURSION = YES;
				CLANG_WARN_INT_CONVERSION = YES;
				CLANG_WARN_NON_LITERAL_NULL_CONVERSION = YES;
				CLANG_WARN_OBJC_LITERAL_CONVERSION = YES;
				CLANG_WARN_OBJC_ROOT_CLASS = YES_ERROR;
				CLANG_WARN_RANGE_LOOP_ANALYSIS = YES;
				CLANG_WARN_STRICT_PROTOTYPES = YES;
				CLANG_WARN_SUSPICIOUS_MOVE = YES;
				CLANG_WARN_UNGUARDED_AVAILABILITY = YES_AGGRESSIVE;
				CLANG_WARN_UNREACHABLE_CODE = YES;
				CLANG_WARN__DUPLICATE_METHOD_MATCH = YES;
				CODE_SIGN_IDENTITY = "iPhone Distribution: JTech Appz (K6F5P39KK3)";
				CODE_SIGN_STYLE = Manual;
				COPY_PHASE_STRIP = NO;
				DEBUG_INFORMATION_FORMAT = "dwarf-with-dsym";
				DEVELOPMENT_TEAM = K6F5P39KK3;
				ENABLE_NS_ASSERTIONS = NO;
				ENABLE_STRICT_OBJC_MSGSEND = YES;
				GCC_C_LANGUAGE_STANDARD = gnu11;
				GCC_NO_COMMON_BLOCKS = YES;
				GCC_WARN_64_TO_32_BIT_CONVERSION = YES;
				GCC_WARN_ABOUT_RETURN_TYPE = YES_ERROR;
				GCC_WARN_UNDECLARED_SELECTOR = YES;
				GCC_WARN_UNINITIALIZED_AUTOS = YES_AGGRESSIVE;
				GCC_WARN_UNUSED_FUNCTION = YES;
				GCC_WARN_UNUSED_VARIABLE = YES;
				IPHONEOS_DEPLOYMENT_TARGET = 11.2;
				MTL_ENABLE_DEBUG_INFO = NO;
				PROVISIONING_PROFILE = "307efeff-0eb1-496c-9971-048aa4faa5ca";
				SDKROOT = iphoneos;
				SWIFT_OPTIMIZATION_LEVEL = "-Owholemodule";
				VALIDATE_PRODUCT = YES;
			};
			name = Release;
		};
		18F515842007F4C10067A91B /* Debug */ = {
			isa = XCBuildConfiguration;
			baseConfigurationReference = 86A3D0797D57576789647EE1 /* Pods-eventcast.debug.xcconfig */;
			buildSettings = {
				ASSETCATALOG_COMPILER_APPICON_NAME = AppIcon;
				CODE_SIGN_ENTITLEMENTS = eventcast/eventcast.entitlements;
				CODE_SIGN_IDENTITY = "iPhone Developer: JTech Appz (HU7GGNVY9N)";
				CODE_SIGN_STYLE = Manual;
				DEVELOPMENT_TEAM = K6F5P39KK3;
				INFOPLIST_FILE = eventcast/Info.plist;
				IPHONEOS_DEPLOYMENT_TARGET = 10.0;
				LD_RUNPATH_SEARCH_PATHS = "$(inherited) @executable_path/Frameworks";
				PRODUCT_BUNDLE_IDENTIFIER = com.eventcast;
				PRODUCT_NAME = "$(TARGET_NAME)";
				PROVISIONING_PROFILE = "f7304164-65c1-43ac-b9af-a65c926e41c9";
				PROVISIONING_PROFILE_SPECIFIER = Development_eventcast;
				SWIFT_VERSION = 4.0;
				TARGETED_DEVICE_FAMILY = "1,2";
			};
			name = Debug;
		};
		18F515852007F4C10067A91B /* Release */ = {
			isa = XCBuildConfiguration;
			baseConfigurationReference = 447B7584968C06204707836E /* Pods-eventcast.release.xcconfig */;
			buildSettings = {
				ASSETCATALOG_COMPILER_APPICON_NAME = AppIcon;
				CODE_SIGN_ENTITLEMENTS = eventcast/eventcast.entitlements;
				CODE_SIGN_IDENTITY = "iPhone Distribution: JTech Appz (K6F5P39KK3)";
				CODE_SIGN_STYLE = Manual;
				DEVELOPMENT_TEAM = K6F5P39KK3;
				INFOPLIST_FILE = eventcast/Info.plist;
				IPHONEOS_DEPLOYMENT_TARGET = 10.0;
				LD_RUNPATH_SEARCH_PATHS = "$(inherited) @executable_path/Frameworks";
				PRODUCT_BUNDLE_IDENTIFIER = com.eventcast;
				PRODUCT_NAME = "$(TARGET_NAME)";
				PROVISIONING_PROFILE = "307efeff-0eb1-496c-9971-048aa4faa5ca";
				PROVISIONING_PROFILE_SPECIFIER = Distribution_eventcast;
				SWIFT_VERSION = 4.0;
				TARGETED_DEVICE_FAMILY = "1,2";
			};
			name = Release;
		};
		18F515872007F4C10067A91B /* Debug */ = {
			isa = XCBuildConfiguration;
			baseConfigurationReference = D310EFA89F693CD3A56AFB54 /* Pods-eventcastTests.debug.xcconfig */;
			buildSettings = {
				ALWAYS_EMBED_SWIFT_STANDARD_LIBRARIES = YES;
				BUNDLE_LOADER = "$(TEST_HOST)";
				CODE_SIGN_STYLE = Automatic;
				DEVELOPMENT_TEAM = K6F5P39KK3;
				INFOPLIST_FILE = eventcastTests/Info.plist;
				LD_RUNPATH_SEARCH_PATHS = "$(inherited) @executable_path/Frameworks @loader_path/Frameworks";
				PRODUCT_BUNDLE_IDENTIFIER = com.eventcastTests;
				PRODUCT_NAME = "$(TARGET_NAME)";
				SWIFT_VERSION = 4.0;
				TARGETED_DEVICE_FAMILY = "1,2";
				TEST_HOST = "$(BUILT_PRODUCTS_DIR)/eventcast.app/eventcast";
			};
			name = Debug;
		};
		18F515882007F4C10067A91B /* Release */ = {
			isa = XCBuildConfiguration;
			baseConfigurationReference = FF1D0CE2FA0ACB7FF1AD87D4 /* Pods-eventcastTests.release.xcconfig */;
			buildSettings = {
				ALWAYS_EMBED_SWIFT_STANDARD_LIBRARIES = YES;
				BUNDLE_LOADER = "$(TEST_HOST)";
				CODE_SIGN_STYLE = Automatic;
				DEVELOPMENT_TEAM = K6F5P39KK3;
				INFOPLIST_FILE = eventcastTests/Info.plist;
				LD_RUNPATH_SEARCH_PATHS = "$(inherited) @executable_path/Frameworks @loader_path/Frameworks";
				PRODUCT_BUNDLE_IDENTIFIER = com.eventcastTests;
				PRODUCT_NAME = "$(TARGET_NAME)";
				SWIFT_VERSION = 4.0;
				TARGETED_DEVICE_FAMILY = "1,2";
				TEST_HOST = "$(BUILT_PRODUCTS_DIR)/eventcast.app/eventcast";
			};
			name = Release;
		};
		18F5158A2007F4C10067A91B /* Debug */ = {
			isa = XCBuildConfiguration;
			baseConfigurationReference = 69E6A338E477EFEE1C2BBB36 /* Pods-eventcastUITests.debug.xcconfig */;
			buildSettings = {
				ALWAYS_EMBED_SWIFT_STANDARD_LIBRARIES = YES;
				CODE_SIGN_STYLE = Automatic;
				DEVELOPMENT_TEAM = K6F5P39KK3;
				INFOPLIST_FILE = eventcastUITests/Info.plist;
				LD_RUNPATH_SEARCH_PATHS = "$(inherited) @executable_path/Frameworks @loader_path/Frameworks";
				PRODUCT_BUNDLE_IDENTIFIER = com.eventcastUITests;
				PRODUCT_NAME = "$(TARGET_NAME)";
				SWIFT_VERSION = 4.0;
				TARGETED_DEVICE_FAMILY = "1,2";
				TEST_TARGET_NAME = eventcast;
			};
			name = Debug;
		};
		18F5158B2007F4C10067A91B /* Release */ = {
			isa = XCBuildConfiguration;
			baseConfigurationReference = DF897C1AB8FB051E25A346BF /* Pods-eventcastUITests.release.xcconfig */;
			buildSettings = {
				ALWAYS_EMBED_SWIFT_STANDARD_LIBRARIES = YES;
				CODE_SIGN_STYLE = Automatic;
				DEVELOPMENT_TEAM = K6F5P39KK3;
				INFOPLIST_FILE = eventcastUITests/Info.plist;
				LD_RUNPATH_SEARCH_PATHS = "$(inherited) @executable_path/Frameworks @loader_path/Frameworks";
				PRODUCT_BUNDLE_IDENTIFIER = com.eventcastUITests;
				PRODUCT_NAME = "$(TARGET_NAME)";
				SWIFT_VERSION = 4.0;
				TARGETED_DEVICE_FAMILY = "1,2";
				TEST_TARGET_NAME = eventcast;
			};
			name = Release;
		};
/* End XCBuildConfiguration section */

/* Begin XCConfigurationList section */
		18F515562007F4BF0067A91B /* Build configuration list for PBXProject "eventcast" */ = {
			isa = XCConfigurationList;
			buildConfigurations = (
				18F515812007F4C10067A91B /* Debug */,
				18F515822007F4C10067A91B /* Release */,
			);
			defaultConfigurationIsVisible = 0;
			defaultConfigurationName = Release;
		};
		18F515832007F4C10067A91B /* Build configuration list for PBXNativeTarget "eventcast" */ = {
			isa = XCConfigurationList;
			buildConfigurations = (
				18F515842007F4C10067A91B /* Debug */,
				18F515852007F4C10067A91B /* Release */,
			);
			defaultConfigurationIsVisible = 0;
			defaultConfigurationName = Release;
		};
		18F515862007F4C10067A91B /* Build configuration list for PBXNativeTarget "eventcastTests" */ = {
			isa = XCConfigurationList;
			buildConfigurations = (
				18F515872007F4C10067A91B /* Debug */,
				18F515882007F4C10067A91B /* Release */,
			);
			defaultConfigurationIsVisible = 0;
			defaultConfigurationName = Release;
		};
		18F515892007F4C10067A91B /* Build configuration list for PBXNativeTarget "eventcastUITests" */ = {
			isa = XCConfigurationList;
			buildConfigurations = (
				18F5158A2007F4C10067A91B /* Debug */,
				18F5158B2007F4C10067A91B /* Release */,
			);
			defaultConfigurationIsVisible = 0;
			defaultConfigurationName = Release;
		};
/* End XCConfigurationList section */
	};
	rootObject = 18F515532007F4BF0067A91B /* Project object */;
}
